// !$*UTF8*$!
{
	archiveVersion = 1;
	classes = {
	};
	objectVersion = 50;
	objects = {

/* Begin PBXBuildFile section */
		4058E8D823D912FE00F6E3F4 /* AppDelegate.swift in Sources */ = {isa = PBXBuildFile; fileRef = 4058E8D723D912FE00F6E3F4 /* AppDelegate.swift */; };
		4058E8DA23D912FE00F6E3F4 /* SceneDelegate.swift in Sources */ = {isa = PBXBuildFile; fileRef = 4058E8D923D912FE00F6E3F4 /* SceneDelegate.swift */; };
		4058E8DF23D912FE00F6E3F4 /* Main.storyboard in Resources */ = {isa = PBXBuildFile; fileRef = 4058E8DD23D912FE00F6E3F4 /* Main.storyboard */; };
		4058E8E123D912FE00F6E3F4 /* Assets.xcassets in Resources */ = {isa = PBXBuildFile; fileRef = 4058E8E023D912FE00F6E3F4 /* Assets.xcassets */; };
		4058E8E423D912FE00F6E3F4 /* LaunchScreen.storyboard in Resources */ = {isa = PBXBuildFile; fileRef = 4058E8E223D912FE00F6E3F4 /* LaunchScreen.storyboard */; };
		4058E8EF23D912FF00F6E3F4 /* FlixTests.swift in Sources */ = {isa = PBXBuildFile; fileRef = 4058E8EE23D912FF00F6E3F4 /* FlixTests.swift */; };
		4058E8FA23D912FF00F6E3F4 /* FlixUITests.swift in Sources */ = {isa = PBXBuildFile; fileRef = 4058E8F923D912FF00F6E3F4 /* FlixUITests.swift */; };
		4058E90823D9170B00F6E3F4 /* MoviesViewController.swift in Sources */ = {isa = PBXBuildFile; fileRef = 4058E90723D9170B00F6E3F4 /* MoviesViewController.swift */; };
		406C12B923D92D1900A592E8 /* MovieCell.swift in Sources */ = {isa = PBXBuildFile; fileRef = 406C12B823D92D1900A592E8 /* MovieCell.swift */; };
		761FB53ED80AB5FAA0BB3587 /* Pods_Flix.framework in Frameworks */ = {isa = PBXBuildFile; fileRef = 82270897BE8F512DD2E2C8D5 /* Pods_Flix.framework */; };
		A25D05FAEAA7CE45E170FF1B /* Pods_Flix_FlixUITests.framework in Frameworks */ = {isa = PBXBuildFile; fileRef = 8058C75442DB3346A59D00B8 /* Pods_Flix_FlixUITests.framework */; };
		BDD49334950D70B7DE0C9798 /* Pods_FlixTests.framework in Frameworks */ = {isa = PBXBuildFile; fileRef = 8C29EEFE4F29666F2B63714D /* Pods_FlixTests.framework */; };
/* End PBXBuildFile section */

/* Begin PBXContainerItemProxy section */
		4058E8EB23D912FF00F6E3F4 /* PBXContainerItemProxy */ = {
			isa = PBXContainerItemProxy;
			containerPortal = 4058E8CC23D912FE00F6E3F4 /* Project object */;
			proxyType = 1;
			remoteGlobalIDString = 4058E8D323D912FE00F6E3F4;
			remoteInfo = Flix;
		};
		4058E8F623D912FF00F6E3F4 /* PBXContainerItemProxy */ = {
			isa = PBXContainerItemProxy;
			containerPortal = 4058E8CC23D912FE00F6E3F4 /* Project object */;
			proxyType = 1;
			remoteGlobalIDString = 4058E8D323D912FE00F6E3F4;
			remoteInfo = Flix;
		};
/* End PBXContainerItemProxy section */

/* Begin PBXFileReference section */
		004C4DB3F38A762D5C5ED41F /* Pods-Flix.release.xcconfig */ = {isa = PBXFileReference; includeInIndex = 1; lastKnownFileType = text.xcconfig; name = "Pods-Flix.release.xcconfig"; path = "Target Support Files/Pods-Flix/Pods-Flix.release.xcconfig"; sourceTree = "<group>"; };
		372939E04E4CE85B445FAA63 /* Pods-FlixTests.debug.xcconfig */ = {isa = PBXFileReference; includeInIndex = 1; lastKnownFileType = text.xcconfig; name = "Pods-FlixTests.debug.xcconfig"; path = "Target Support Files/Pods-FlixTests/Pods-FlixTests.debug.xcconfig"; sourceTree = "<group>"; };
		4058E8D423D912FE00F6E3F4 /* Flix.app */ = {isa = PBXFileReference; explicitFileType = wrapper.application; includeInIndex = 0; path = Flix.app; sourceTree = BUILT_PRODUCTS_DIR; };
		4058E8D723D912FE00F6E3F4 /* AppDelegate.swift */ = {isa = PBXFileReference; lastKnownFileType = sourcecode.swift; path = AppDelegate.swift; sourceTree = "<group>"; };
		4058E8D923D912FE00F6E3F4 /* SceneDelegate.swift */ = {isa = PBXFileReference; lastKnownFileType = sourcecode.swift; path = SceneDelegate.swift; sourceTree = "<group>"; };
		4058E8DE23D912FE00F6E3F4 /* Base */ = {isa = PBXFileReference; lastKnownFileType = file.storyboard; name = Base; path = Base.lproj/Main.storyboard; sourceTree = "<group>"; };
		4058E8E023D912FE00F6E3F4 /* Assets.xcassets */ = {isa = PBXFileReference; lastKnownFileType = folder.assetcatalog; path = Assets.xcassets; sourceTree = "<group>"; };
		4058E8E323D912FE00F6E3F4 /* Base */ = {isa = PBXFileReference; lastKnownFileType = file.storyboard; name = Base; path = Base.lproj/LaunchScreen.storyboard; sourceTree = "<group>"; };
		4058E8E523D912FE00F6E3F4 /* Info.plist */ = {isa = PBXFileReference; lastKnownFileType = text.plist.xml; path = Info.plist; sourceTree = "<group>"; };
		4058E8EA23D912FF00F6E3F4 /* FlixTests.xctest */ = {isa = PBXFileReference; explicitFileType = wrapper.cfbundle; includeInIndex = 0; path = FlixTests.xctest; sourceTree = BUILT_PRODUCTS_DIR; };
		4058E8EE23D912FF00F6E3F4 /* FlixTests.swift */ = {isa = PBXFileReference; lastKnownFileType = sourcecode.swift; path = FlixTests.swift; sourceTree = "<group>"; };
		4058E8F023D912FF00F6E3F4 /* Info.plist */ = {isa = PBXFileReference; lastKnownFileType = text.plist.xml; path = Info.plist; sourceTree = "<group>"; };
		4058E8F523D912FF00F6E3F4 /* FlixUITests.xctest */ = {isa = PBXFileReference; explicitFileType = wrapper.cfbundle; includeInIndex = 0; path = FlixUITests.xctest; sourceTree = BUILT_PRODUCTS_DIR; };
		4058E8F923D912FF00F6E3F4 /* FlixUITests.swift */ = {isa = PBXFileReference; lastKnownFileType = sourcecode.swift; path = FlixUITests.swift; sourceTree = "<group>"; };
		4058E8FB23D912FF00F6E3F4 /* Info.plist */ = {isa = PBXFileReference; lastKnownFileType = text.plist.xml; path = Info.plist; sourceTree = "<group>"; };
		4058E90723D9170B00F6E3F4 /* MoviesViewController.swift */ = {isa = PBXFileReference; lastKnownFileType = sourcecode.swift; path = MoviesViewController.swift; sourceTree = "<group>"; };
		406C12B823D92D1900A592E8 /* MovieCell.swift */ = {isa = PBXFileReference; lastKnownFileType = sourcecode.swift; path = MovieCell.swift; sourceTree = "<group>"; };
		423EF8F73A7FE9B177249414 /* Pods-Flix-FlixUITests.debug.xcconfig */ = {isa = PBXFileReference; includeInIndex = 1; lastKnownFileType = text.xcconfig; name = "Pods-Flix-FlixUITests.debug.xcconfig"; path = "Target Support Files/Pods-Flix-FlixUITests/Pods-Flix-FlixUITests.debug.xcconfig"; sourceTree = "<group>"; };
		5965CFB586D0ECC6C9BEE76D /* Pods-Flix-FlixUITests.release.xcconfig */ = {isa = PBXFileReference; includeInIndex = 1; lastKnownFileType = text.xcconfig; name = "Pods-Flix-FlixUITests.release.xcconfig"; path = "Target Support Files/Pods-Flix-FlixUITests/Pods-Flix-FlixUITests.release.xcconfig"; sourceTree = "<group>"; };
		64BCCA2F5D80242AFE69E0CF /* Pods-Flix.debug.xcconfig */ = {isa = PBXFileReference; includeInIndex = 1; lastKnownFileType = text.xcconfig; name = "Pods-Flix.debug.xcconfig"; path = "Target Support Files/Pods-Flix/Pods-Flix.debug.xcconfig"; sourceTree = "<group>"; };
		8058C75442DB3346A59D00B8 /* Pods_Flix_FlixUITests.framework */ = {isa = PBXFileReference; explicitFileType = wrapper.framework; includeInIndex = 0; path = Pods_Flix_FlixUITests.framework; sourceTree = BUILT_PRODUCTS_DIR; };
		82270897BE8F512DD2E2C8D5 /* Pods_Flix.framework */ = {isa = PBXFileReference; explicitFileType = wrapper.framework; includeInIndex = 0; path = Pods_Flix.framework; sourceTree = BUILT_PRODUCTS_DIR; };
		8C29EEFE4F29666F2B63714D /* Pods_FlixTests.framework */ = {isa = PBXFileReference; explicitFileType = wrapper.framework; includeInIndex = 0; path = Pods_FlixTests.framework; sourceTree = BUILT_PRODUCTS_DIR; };
		CDA031BF7024F859F58C3FC7 /* Pods-FlixTests.release.xcconfig */ = {isa = PBXFileReference; includeInIndex = 1; lastKnownFileType = text.xcconfig; name = "Pods-FlixTests.release.xcconfig"; path = "Target Support Files/Pods-FlixTests/Pods-FlixTests.release.xcconfig"; sourceTree = "<group>"; };
/* End PBXFileReference section */

/* Begin PBXFrameworksBuildPhase section */
		4058E8D123D912FE00F6E3F4 /* Frameworks */ = {
			isa = PBXFrameworksBuildPhase;
			buildActionMask = 2147483647;
			files = (
				761FB53ED80AB5FAA0BB3587 /* Pods_Flix.framework in Frameworks */,
			);
			runOnlyForDeploymentPostprocessing = 0;
		};
		4058E8E723D912FF00F6E3F4 /* Frameworks */ = {
			isa = PBXFrameworksBuildPhase;
			buildActionMask = 2147483647;
			files = (
				BDD49334950D70B7DE0C9798 /* Pods_FlixTests.framework in Frameworks */,
			);
			runOnlyForDeploymentPostprocessing = 0;
		};
		4058E8F223D912FF00F6E3F4 /* Frameworks */ = {
			isa = PBXFrameworksBuildPhase;
			buildActionMask = 2147483647;
			files = (
				A25D05FAEAA7CE45E170FF1B /* Pods_Flix_FlixUITests.framework in Frameworks */,
			);
			runOnlyForDeploymentPostprocessing = 0;
		};
/* End PBXFrameworksBuildPhase section */

/* Begin PBXGroup section */
		0F73E518A11DA06EFC5BE220 /* Frameworks */ = {
			isa = PBXGroup;
			children = (
				82270897BE8F512DD2E2C8D5 /* Pods_Flix.framework */,
				8058C75442DB3346A59D00B8 /* Pods_Flix_FlixUITests.framework */,
				8C29EEFE4F29666F2B63714D /* Pods_FlixTests.framework */,
			);
			name = Frameworks;
			sourceTree = "<group>";
		};
		4058E8CB23D912FE00F6E3F4 = {
			isa = PBXGroup;
			children = (
				4058E8D623D912FE00F6E3F4 /* Flix */,
				4058E8ED23D912FF00F6E3F4 /* FlixTests */,
				4058E8F823D912FF00F6E3F4 /* FlixUITests */,
				4058E8D523D912FE00F6E3F4 /* Products */,
				7A3B2CD7C173EF301BF02591 /* Pods */,
				0F73E518A11DA06EFC5BE220 /* Frameworks */,
			);
			sourceTree = "<group>";
		};
		4058E8D523D912FE00F6E3F4 /* Products */ = {
			isa = PBXGroup;
			children = (
				4058E8D423D912FE00F6E3F4 /* Flix.app */,
				4058E8EA23D912FF00F6E3F4 /* FlixTests.xctest */,
				4058E8F523D912FF00F6E3F4 /* FlixUITests.xctest */,
			);
			name = Products;
			sourceTree = "<group>";
		};
		4058E8D623D912FE00F6E3F4 /* Flix */ = {
			isa = PBXGroup;
			children = (
				4058E8D723D912FE00F6E3F4 /* AppDelegate.swift */,
				4058E8D923D912FE00F6E3F4 /* SceneDelegate.swift */,
				4058E8DD23D912FE00F6E3F4 /* Main.storyboard */,
				406C12B823D92D1900A592E8 /* MovieCell.swift */,
				4058E8E023D912FE00F6E3F4 /* Assets.xcassets */,
				4058E8E223D912FE00F6E3F4 /* LaunchScreen.storyboard */,
				4058E8E523D912FE00F6E3F4 /* Info.plist */,
				4058E90723D9170B00F6E3F4 /* MoviesViewController.swift */,
			);
			path = Flix;
			sourceTree = "<group>";
		};
		4058E8ED23D912FF00F6E3F4 /* FlixTests */ = {
			isa = PBXGroup;
			children = (
				4058E8EE23D912FF00F6E3F4 /* FlixTests.swift */,
				4058E8F023D912FF00F6E3F4 /* Info.plist */,
			);
			path = FlixTests;
			sourceTree = "<group>";
		};
		4058E8F823D912FF00F6E3F4 /* FlixUITests */ = {
			isa = PBXGroup;
			children = (
				4058E8F923D912FF00F6E3F4 /* FlixUITests.swift */,
				4058E8FB23D912FF00F6E3F4 /* Info.plist */,
			);
			path = FlixUITests;
			sourceTree = "<group>";
		};
		7A3B2CD7C173EF301BF02591 /* Pods */ = {
			isa = PBXGroup;
			children = (
				64BCCA2F5D80242AFE69E0CF /* Pods-Flix.debug.xcconfig */,
				004C4DB3F38A762D5C5ED41F /* Pods-Flix.release.xcconfig */,
				423EF8F73A7FE9B177249414 /* Pods-Flix-FlixUITests.debug.xcconfig */,
				5965CFB586D0ECC6C9BEE76D /* Pods-Flix-FlixUITests.release.xcconfig */,
				372939E04E4CE85B445FAA63 /* Pods-FlixTests.debug.xcconfig */,
				CDA031BF7024F859F58C3FC7 /* Pods-FlixTests.release.xcconfig */,
			);
			name = Pods;
			path = Pods;
			sourceTree = "<group>";
		};
/* End PBXGroup section */

/* Begin PBXNativeTarget section */
		4058E8D323D912FE00F6E3F4 /* Flix */ = {
			isa = PBXNativeTarget;
			buildConfigurationList = 4058E8FE23D912FF00F6E3F4 /* Build configuration list for PBXNativeTarget "Flix" */;
			buildPhases = (
				CC6DFBF9177B8F7D7B3C317A /* [CP] Check Pods Manifest.lock */,
				4058E8D023D912FE00F6E3F4 /* Sources */,
				4058E8D123D912FE00F6E3F4 /* Frameworks */,
				4058E8D223D912FE00F6E3F4 /* Resources */,
				D9C5F6585656F4677CECF86F /* [CP] Embed Pods Frameworks */,
			);
			buildRules = (
			);
			dependencies = (
			);
			name = Flix;
			productName = Flix;
			productReference = 4058E8D423D912FE00F6E3F4 /* Flix.app */;
			productType = "com.apple.product-type.application";
		};
		4058E8E923D912FF00F6E3F4 /* FlixTests */ = {
			isa = PBXNativeTarget;
			buildConfigurationList = 4058E90123D912FF00F6E3F4 /* Build configuration list for PBXNativeTarget "FlixTests" */;
			buildPhases = (
				DEF501ABDA8898315B49BF09 /* [CP] Check Pods Manifest.lock */,
				4058E8E623D912FF00F6E3F4 /* Sources */,
				4058E8E723D912FF00F6E3F4 /* Frameworks */,
				4058E8E823D912FF00F6E3F4 /* Resources */,
			);
			buildRules = (
			);
			dependencies = (
				4058E8EC23D912FF00F6E3F4 /* PBXTargetDependency */,
			);
			name = FlixTests;
			productName = FlixTests;
			productReference = 4058E8EA23D912FF00F6E3F4 /* FlixTests.xctest */;
			productType = "com.apple.product-type.bundle.unit-test";
		};
		4058E8F423D912FF00F6E3F4 /* FlixUITests */ = {
			isa = PBXNativeTarget;
			buildConfigurationList = 4058E90423D912FF00F6E3F4 /* Build configuration list for PBXNativeTarget "FlixUITests" */;
			buildPhases = (
				CC968BBE14E1DBB2950AE122 /* [CP] Check Pods Manifest.lock */,
				4058E8F123D912FF00F6E3F4 /* Sources */,
				4058E8F223D912FF00F6E3F4 /* Frameworks */,
				4058E8F323D912FF00F6E3F4 /* Resources */,
				7DA36594F4857902CCEB282E /* [CP] Embed Pods Frameworks */,
			);
			buildRules = (
			);
			dependencies = (
				4058E8F723D912FF00F6E3F4 /* PBXTargetDependency */,
			);
			name = FlixUITests;
			productName = FlixUITests;
			productReference = 4058E8F523D912FF00F6E3F4 /* FlixUITests.xctest */;
			productType = "com.apple.product-type.bundle.ui-testing";
		};
/* End PBXNativeTarget section */

/* Begin PBXProject section */
		4058E8CC23D912FE00F6E3F4 /* Project object */ = {
			isa = PBXProject;
			attributes = {
				LastSwiftUpdateCheck = 1130;
				LastUpgradeCheck = 1130;
				ORGANIZATIONNAME = Tony;
				TargetAttributes = {
					4058E8D323D912FE00F6E3F4 = {
						CreatedOnToolsVersion = 11.3.1;
					};
					4058E8E923D912FF00F6E3F4 = {
						CreatedOnToolsVersion = 11.3.1;
						TestTargetID = 4058E8D323D912FE00F6E3F4;
					};
					4058E8F423D912FF00F6E3F4 = {
						CreatedOnToolsVersion = 11.3.1;
						TestTargetID = 4058E8D323D912FE00F6E3F4;
					};
				};
			};
			buildConfigurationList = 4058E8CF23D912FE00F6E3F4 /* Build configuration list for PBXProject "Flix" */;
			compatibilityVersion = "Xcode 9.3";
			developmentRegion = en;
			hasScannedForEncodings = 0;
			knownRegions = (
				en,
				Base,
			);
			mainGroup = 4058E8CB23D912FE00F6E3F4;
			productRefGroup = 4058E8D523D912FE00F6E3F4 /* Products */;
			projectDirPath = "";
			projectRoot = "";
			targets = (
				4058E8D323D912FE00F6E3F4 /* Flix */,
				4058E8E923D912FF00F6E3F4 /* FlixTests */,
				4058E8F423D912FF00F6E3F4 /* FlixUITests */,
			);
		};
/* End PBXProject section */

/* Begin PBXResourcesBuildPhase section */
		4058E8D223D912FE00F6E3F4 /* Resources */ = {
			isa = PBXResourcesBuildPhase;
			buildActionMask = 2147483647;
			files = (
				4058E8E423D912FE00F6E3F4 /* LaunchScreen.storyboard in Resources */,
				4058E8E123D912FE00F6E3F4 /* Assets.xcassets in Resources */,
				4058E8DF23D912FE00F6E3F4 /* Main.storyboard in Resources */,
			);
			runOnlyForDeploymentPostprocessing = 0;
		};
		4058E8E823D912FF00F6E3F4 /* Resources */ = {
			isa = PBXResourcesBuildPhase;
			buildActionMask = 2147483647;
			files = (
			);
			runOnlyForDeploymentPostprocessing = 0;
		};
		4058E8F323D912FF00F6E3F4 /* Resources */ = {
			isa = PBXResourcesBuildPhase;
			buildActionMask = 2147483647;
			files = (
			);
			runOnlyForDeploymentPostprocessing = 0;
		};
/* End PBXResourcesBuildPhase section */

/* Begin PBXShellScriptBuildPhase section */
		7DA36594F4857902CCEB282E /* [CP] Embed Pods Frameworks */ = {
			isa = PBXShellScriptBuildPhase;
			buildActionMask = 2147483647;
			files = (
			);
			inputFileListPaths = (
				"${PODS_ROOT}/Target Support Files/Pods-Flix-FlixUITests/Pods-Flix-FlixUITests-frameworks-${CONFIGURATION}-input-files.xcfilelist",
			);
			name = "[CP] Embed Pods Frameworks";
			outputFileListPaths = (
				"${PODS_ROOT}/Target Support Files/Pods-Flix-FlixUITests/Pods-Flix-FlixUITests-frameworks-${CONFIGURATION}-output-files.xcfilelist",
			);
			runOnlyForDeploymentPostprocessing = 0;
			shellPath = /bin/sh;
			shellScript = "\"${PODS_ROOT}/Target Support Files/Pods-Flix-FlixUITests/Pods-Flix-FlixUITests-frameworks.sh\"\n";
			showEnvVarsInLog = 0;
		};
		CC6DFBF9177B8F7D7B3C317A /* [CP] Check Pods Manifest.lock */ = {
			isa = PBXShellScriptBuildPhase;
			buildActionMask = 2147483647;
			files = (
			);
			inputFileListPaths = (
			);
			inputPaths = (
				"${PODS_PODFILE_DIR_PATH}/Podfile.lock",
				"${PODS_ROOT}/Manifest.lock",
			);
			name = "[CP] Check Pods Manifest.lock";
			outputFileListPaths = (
			);
			outputPaths = (
				"$(DERIVED_FILE_DIR)/Pods-Flix-checkManifestLockResult.txt",
			);
			runOnlyForDeploymentPostprocessing = 0;
			shellPath = /bin/sh;
			shellScript = "diff \"${PODS_PODFILE_DIR_PATH}/Podfile.lock\" \"${PODS_ROOT}/Manifest.lock\" > /dev/null\nif [ $? != 0 ] ; then\n    # print error to STDERR\n    echo \"error: The sandbox is not in sync with the Podfile.lock. Run 'pod install' or update your CocoaPods installation.\" >&2\n    exit 1\nfi\n# This output is used by Xcode 'outputs' to avoid re-running this script phase.\necho \"SUCCESS\" > \"${SCRIPT_OUTPUT_FILE_0}\"\n";
			showEnvVarsInLog = 0;
		};
		CC968BBE14E1DBB2950AE122 /* [CP] Check Pods Manifest.lock */ = {
			isa = PBXShellScriptBuildPhase;
			buildActionMask = 2147483647;
			files = (
			);
			inputFileListPaths = (
			);
			inputPaths = (
				"${PODS_PODFILE_DIR_PATH}/Podfile.lock",
				"${PODS_ROOT}/Manifest.lock",
			);
			name = "[CP] Check Pods Manifest.lock";
			outputFileListPaths = (
			);
			outputPaths = (
				"$(DERIVED_FILE_DIR)/Pods-Flix-FlixUITests-checkManifestLockResult.txt",
			);
			runOnlyForDeploymentPostprocessing = 0;
			shellPath = /bin/sh;
			shellScript = "diff \"${PODS_PODFILE_DIR_PATH}/Podfile.lock\" \"${PODS_ROOT}/Manifest.lock\" > /dev/null\nif [ $? != 0 ] ; then\n    # print error to STDERR\n    echo \"error: The sandbox is not in sync with the Podfile.lock. Run 'pod install' or update your CocoaPods installation.\" >&2\n    exit 1\nfi\n# This output is used by Xcode 'outputs' to avoid re-running this script phase.\necho \"SUCCESS\" > \"${SCRIPT_OUTPUT_FILE_0}\"\n";
			showEnvVarsInLog = 0;
		};
		D9C5F6585656F4677CECF86F /* [CP] Embed Pods Frameworks */ = {
			isa = PBXShellScriptBuildPhase;
			buildActionMask = 2147483647;
			files = (
			);
			inputFileListPaths = (
				"${PODS_ROOT}/Target Support Files/Pods-Flix/Pods-Flix-frameworks-${CONFIGURATION}-input-files.xcfilelist",
			);
			name = "[CP] Embed Pods Frameworks";
			outputFileListPaths = (
				"${PODS_ROOT}/Target Support Files/Pods-Flix/Pods-Flix-frameworks-${CONFIGURATION}-output-files.xcfilelist",
			);
			runOnlyForDeploymentPostprocessing = 0;
			shellPath = /bin/sh;
			shellScript = "\"${PODS_ROOT}/Target Support Files/Pods-Flix/Pods-Flix-frameworks.sh\"\n";
			showEnvVarsInLog = 0;
		};
		DEF501ABDA8898315B49BF09 /* [CP] Check Pods Manifest.lock */ = {
			isa = PBXShellScriptBuildPhase;
			buildActionMask = 2147483647;
			files = (
			);
			inputFileListPaths = (
			);
			inputPaths = (
				"${PODS_PODFILE_DIR_PATH}/Podfile.lock",
				"${PODS_ROOT}/Manifest.lock",
			);
			name = "[CP] Check Pods Manifest.lock";
			outputFileListPaths = (
			);
			outputPaths = (
				"$(DERIVED_FILE_DIR)/Pods-FlixTests-checkManifestLockResult.txt",
			);
			runOnlyForDeploymentPostprocessing = 0;
			shellPath = /bin/sh;
			shellScript = "diff \"${PODS_PODFILE_DIR_PATH}/Podfile.lock\" \"${PODS_ROOT}/Manifest.lock\" > /dev/null\nif [ $? != 0 ] ; then\n    # print error to STDERR\n    echo \"error: The sandbox is not in sync with the Podfile.lock. Run 'pod install' or update your CocoaPods installation.\" >&2\n    exit 1\nfi\n# This output is used by Xcode 'outputs' to avoid re-running this script phase.\necho \"SUCCESS\" > \"${SCRIPT_OUTPUT_FILE_0}\"\n";
			showEnvVarsInLog = 0;
		};
/* End PBXShellScriptBuildPhase section */

/* Begin PBXSourcesBuildPhase section */
		4058E8D023D912FE00F6E3F4 /* Sources */ = {
			isa = PBXSourcesBuildPhase;
			buildActionMask = 2147483647;
			files = (
				4058E8D823D912FE00F6E3F4 /* AppDelegate.swift in Sources */,
				4058E8DA23D912FE00F6E3F4 /* SceneDelegate.swift in Sources */,
				406C12B923D92D1900A592E8 /* MovieCell.swift in Sources */,
				4058E90823D9170B00F6E3F4 /* MoviesViewController.swift in Sources */,
			);
			runOnlyForDeploymentPostprocessing = 0;
		};
		4058E8E623D912FF00F6E3F4 /* Sources */ = {
			isa = PBXSourcesBuildPhase;
			buildActionMask = 2147483647;
			files = (
				4058E8EF23D912FF00F6E3F4 /* FlixTests.swift in Sources */,
			);
			runOnlyForDeploymentPostprocessing = 0;
		};
		4058E8F123D912FF00F6E3F4 /* Sources */ = {
			isa = PBXSourcesBuildPhase;
			buildActionMask = 2147483647;
			files = (
				4058E8FA23D912FF00F6E3F4 /* FlixUITests.swift in Sources */,
			);
			runOnlyForDeploymentPostprocessing = 0;
		};
/* End PBXSourcesBuildPhase section */

/* Begin PBXTargetDependency section */
		4058E8EC23D912FF00F6E3F4 /* PBXTargetDependency */ = {
			isa = PBXTargetDependency;
			target = 4058E8D323D912FE00F6E3F4 /* Flix */;
			targetProxy = 4058E8EB23D912FF00F6E3F4 /* PBXContainerItemProxy */;
		};
		4058E8F723D912FF00F6E3F4 /* PBXTargetDependency */ = {
			isa = PBXTargetDependency;
			target = 4058E8D323D912FE00F6E3F4 /* Flix */;
			targetProxy = 4058E8F623D912FF00F6E3F4 /* PBXContainerItemProxy */;
		};
/* End PBXTargetDependency section */

/* Begin PBXVariantGroup section */
		4058E8DD23D912FE00F6E3F4 /* Main.storyboard */ = {
			isa = PBXVariantGroup;
			children = (
				4058E8DE23D912FE00F6E3F4 /* Base */,
			);
			name = Main.storyboard;
			sourceTree = "<group>";
		};
		4058E8E223D912FE00F6E3F4 /* LaunchScreen.storyboard */ = {
			isa = PBXVariantGroup;
			children = (
				4058E8E323D912FE00F6E3F4 /* Base */,
			);
			name = LaunchScreen.storyboard;
			sourceTree = "<group>";
		};
/* End PBXVariantGroup section */

/* Begin XCBuildConfiguration section */
		4058E8FC23D912FF00F6E3F4 /* Debug */ = {
			isa = XCBuildConfiguration;
			buildSettings = {
				ALWAYS_SEARCH_USER_PATHS = NO;
				CLANG_ANALYZER_NONNULL = YES;
				CLANG_ANALYZER_NUMBER_OBJECT_CONVERSION = YES_AGGRESSIVE;
				CLANG_CXX_LANGUAGE_STANDARD = "gnu++14";
				CLANG_CXX_LIBRARY = "libc++";
				CLANG_ENABLE_MODULES = YES;
				CLANG_ENABLE_OBJC_ARC = YES;
				CLANG_ENABLE_OBJC_WEAK = YES;
				CLANG_WARN_BLOCK_CAPTURE_AUTORELEASING = YES;
				CLANG_WARN_BOOL_CONVERSION = YES;
				CLANG_WARN_COMMA = YES;
				CLANG_WARN_CONSTANT_CONVERSION = YES;
				CLANG_WARN_DEPRECATED_OBJC_IMPLEMENTATIONS = YES;
				CLANG_WARN_DIRECT_OBJC_ISA_USAGE = YES_ERROR;
				CLANG_WARN_DOCUMENTATION_COMMENTS = YES;
				CLANG_WARN_EMPTY_BODY = YES;
				CLANG_WARN_ENUM_CONVERSION = YES;
				CLANG_WARN_INFINITE_RECURSION = YES;
				CLANG_WARN_INT_CONVERSION = YES;
				CLANG_WARN_NON_LITERAL_NULL_CONVERSION = YES;
				CLANG_WARN_OBJC_IMPLICIT_RETAIN_SELF = YES;
				CLANG_WARN_OBJC_LITERAL_CONVERSION = YES;
				CLANG_WARN_OBJC_ROOT_CLASS = YES_ERROR;
				CLANG_WARN_RANGE_LOOP_ANALYSIS = YES;
				CLANG_WARN_STRICT_PROTOTYPES = YES;
				CLANG_WARN_SUSPICIOUS_MOVE = YES;
				CLANG_WARN_UNGUARDED_AVAILABILITY = YES_AGGRESSIVE;
				CLANG_WARN_UNREACHABLE_CODE = YES;
				CLANG_WARN__DUPLICATE_METHOD_MATCH = YES;
				COPY_PHASE_STRIP = NO;
				DEBUG_INFORMATION_FORMAT = dwarf;
				ENABLE_STRICT_OBJC_MSGSEND = YES;
				ENABLE_TESTABILITY = YES;
				GCC_C_LANGUAGE_STANDARD = gnu11;
				GCC_DYNAMIC_NO_PIC = NO;
				GCC_NO_COMMON_BLOCKS = YES;
				GCC_OPTIMIZATION_LEVEL = 0;
				GCC_PREPROCESSOR_DEFINITIONS = (
					"DEBUG=1",
					"$(inherited)",
				);
				GCC_WARN_64_TO_32_BIT_CONVERSION = YES;
				GCC_WARN_ABOUT_RETURN_TYPE = YES_ERROR;
				GCC_WARN_UNDECLARED_SELECTOR = YES;
				GCC_WARN_UNINITIALIZED_AUTOS = YES_AGGRESSIVE;
				GCC_WARN_UNUSED_FUNCTION = YES;
				GCC_WARN_UNUSED_VARIABLE = YES;
				IPHONEOS_DEPLOYMENT_TARGET = 13.2;
				MTL_ENABLE_DEBUG_INFO = INCLUDE_SOURCE;
				MTL_FAST_MATH = YES;
				ONLY_ACTIVE_ARCH = YES;
				SDKROOT = iphoneos;
				SWIFT_ACTIVE_COMPILATION_CONDITIONS = DEBUG;
				SWIFT_OPTIMIZATION_LEVEL = "-Onone";
			};
			name = Debug;
		};
		4058E8FD23D912FF00F6E3F4 /* Release */ = {
			isa = XCBuildConfiguration;
			buildSettings = {
				ALWAYS_SEARCH_USER_PATHS = NO;
				CLANG_ANALYZER_NONNULL = YES;
				CLANG_ANALYZER_NUMBER_OBJECT_CONVERSION = YES_AGGRESSIVE;
				CLANG_CXX_LANGUAGE_STANDARD = "gnu++14";
				CLANG_CXX_LIBRARY = "libc++";
				CLANG_ENABLE_MODULES = YES;
				CLANG_ENABLE_OBJC_ARC = YES;
				CLANG_ENABLE_OBJC_WEAK = YES;
				CLANG_WARN_BLOCK_CAPTURE_AUTORELEASING = YES;
				CLANG_WARN_BOOL_CONVERSION = YES;
				CLANG_WARN_COMMA = YES;
				CLANG_WARN_CONSTANT_CONVERSION = YES;
				CLANG_WARN_DEPRECATED_OBJC_IMPLEMENTATIONS = YES;
				CLANG_WARN_DIRECT_OBJC_ISA_USAGE = YES_ERROR;
				CLANG_WARN_DOCUMENTATION_COMMENTS = YES;
				CLANG_WARN_EMPTY_BODY = YES;
				CLANG_WARN_ENUM_CONVERSION = YES;
				CLANG_WARN_INFINITE_RECURSION = YES;
				CLANG_WARN_INT_CONVERSION = YES;
				CLANG_WARN_NON_LITERAL_NULL_CONVERSION = YES;
				CLANG_WARN_OBJC_IMPLICIT_RETAIN_SELF = YES;
				CLANG_WARN_OBJC_LITERAL_CONVERSION = YES;
				CLANG_WARN_OBJC_ROOT_CLASS = YES_ERROR;
				CLANG_WARN_RANGE_LOOP_ANALYSIS = YES;
				CLANG_WARN_STRICT_PROTOTYPES = YES;
				CLANG_WARN_SUSPICIOUS_MOVE = YES;
				CLANG_WARN_UNGUARDED_AVAILABILITY = YES_AGGRESSIVE;
				CLANG_WARN_UNREACHABLE_CODE = YES;
				CLANG_WARN__DUPLICATE_METHOD_MATCH = YES;
				COPY_PHASE_STRIP = NO;
				DEBUG_INFORMATION_FORMAT = "dwarf-with-dsym";
				ENABLE_NS_ASSERTIONS = NO;
				ENABLE_STRICT_OBJC_MSGSEND = YES;
				GCC_C_LANGUAGE_STANDARD = gnu11;
				GCC_NO_COMMON_BLOCKS = YES;
				GCC_WARN_64_TO_32_BIT_CONVERSION = YES;
				GCC_WARN_ABOUT_RETURN_TYPE = YES_ERROR;
				GCC_WARN_UNDECLARED_SELECTOR = YES;
				GCC_WARN_UNINITIALIZED_AUTOS = YES_AGGRESSIVE;
				GCC_WARN_UNUSED_FUNCTION = YES;
				GCC_WARN_UNUSED_VARIABLE = YES;
				IPHONEOS_DEPLOYMENT_TARGET = 13.2;
				MTL_ENABLE_DEBUG_INFO = NO;
				MTL_FAST_MATH = YES;
				SDKROOT = iphoneos;
				SWIFT_COMPILATION_MODE = wholemodule;
				SWIFT_OPTIMIZATION_LEVEL = "-O";
				VALIDATE_PRODUCT = YES;
			};
			name = Release;
		};
		4058E8FF23D912FF00F6E3F4 /* Debug */ = {
			isa = XCBuildConfiguration;
			baseConfigurationReference = 64BCCA2F5D80242AFE69E0CF /* Pods-Flix.debug.xcconfig */;
			buildSettings = {
				ASSETCATALOG_COMPILER_APPICON_NAME = AppIcon;
				CODE_SIGN_STYLE = Automatic;
				DEVELOPMENT_TEAM = FEEKDZ763L;
				INFOPLIST_FILE = Flix/Info.plist;
				LD_RUNPATH_SEARCH_PATHS = (
					"$(inherited)",
					"@executable_path/Frameworks",
				);
				PRODUCT_BUNDLE_IDENTIFIER = TonyChen.Flix;
				PRODUCT_NAME = "$(TARGET_NAME)";
				SWIFT_VERSION = 5.0;
				TARGETED_DEVICE_FAMILY = "1,2";
			};
			name = Debug;
		};
		4058E90023D912FF00F6E3F4 /* Release */ = {
			isa = XCBuildConfiguration;
			baseConfigurationReference = 004C4DB3F38A762D5C5ED41F /* Pods-Flix.release.xcconfig */;
			buildSettings = {
				ASSETCATALOG_COMPILER_APPICON_NAME = AppIcon;
				CODE_SIGN_STYLE = Automatic;
				DEVELOPMENT_TEAM = FEEKDZ763L;
				INFOPLIST_FILE = Flix/Info.plist;
				LD_RUNPATH_SEARCH_PATHS = (
					"$(inherited)",
					"@executable_path/Frameworks",
				);
				PRODUCT_BUNDLE_IDENTIFIER = TonyChen.Flix;
				PRODUCT_NAME = "$(TARGET_NAME)";
				SWIFT_VERSION = 5.0;
				TARGETED_DEVICE_FAMILY = "1,2";
			};
			name = Release;
		};
		4058E90223D912FF00F6E3F4 /* Debug */ = {
			isa = XCBuildConfiguration;
			baseConfigurationReference = 372939E04E4CE85B445FAA63 /* Pods-FlixTests.debug.xcconfig */;
			buildSettings = {
				ALWAYS_EMBED_SWIFT_STANDARD_LIBRARIES = YES;
				BUNDLE_LOADER = "$(TEST_HOST)";
				CODE_SIGN_STYLE = Automatic;
				DEVELOPMENT_TEAM = FEEKDZ763L;
				INFOPLIST_FILE = FlixTests/Info.plist;
				IPHONEOS_DEPLOYMENT_TARGET = 13.2;
				LD_RUNPATH_SEARCH_PATHS = (
					"$(inherited)",
					"@executable_path/Frameworks",
					"@loader_path/Frameworks",
				);
				PRODUCT_BUNDLE_IDENTIFIER = TonyChen.FlixTests;
				PRODUCT_NAME = "$(TARGET_NAME)";
				SWIFT_VERSION = 5.0;
				TARGETED_DEVICE_FAMILY = "1,2";
				TEST_HOST = "$(BUILT_PRODUCTS_DIR)/Flix.app/Flix";
			};
			name = Debug;
		};
		4058E90323D912FF00F6E3F4 /* Release */ = {
			isa = XCBuildConfiguration;
			baseConfigurationReference = CDA031BF7024F859F58C3FC7 /* Pods-FlixTests.release.xcconfig */;
			buildSettings = {
				ALWAYS_EMBED_SWIFT_STANDARD_LIBRARIES = YES;
				BUNDLE_LOADER = "$(TEST_HOST)";
				CODE_SIGN_STYLE = Automatic;
				DEVELOPMENT_TEAM = FEEKDZ763L;
				INFOPLIST_FILE = FlixTests/Info.plist;
				IPHONEOS_DEPLOYMENT_TARGET = 13.2;
				LD_RUNPATH_SEARCH_PATHS = (
					"$(inherited)",
					"@executable_path/Frameworks",
					"@loader_path/Frameworks",
				);
				PRODUCT_BUNDLE_IDENTIFIER = TonyChen.FlixTests;
				PRODUCT_NAME = "$(TARGET_NAME)";
				SWIFT_VERSION = 5.0;
				TARGETED_DEVICE_FAMILY = "1,2";
				TEST_HOST = "$(BUILT_PRODUCTS_DIR)/Flix.app/Flix";
			};
			name = Release;
		};
		4058E90523D912FF00F6E3F4 /* Debug */ = {
			isa = XCBuildConfiguration;
			baseConfigurationReference = 423EF8F73A7FE9B177249414 /* Pods-Flix-FlixUITests.debug.xcconfig */;
			buildSettings = {
				ALWAYS_EMBED_SWIFT_STANDARD_LIBRARIES = YES;
				CODE_SIGN_STYLE = Automatic;
				DEVELOPMENT_TEAM = FEEKDZ763L;
				INFOPLIST_FILE = FlixUITests/Info.plist;
				LD_RUNPATH_SEARCH_PATHS = (
					"$(inherited)",
					"@executable_path/Frameworks",
					"@loader_path/Frameworks",
				);
				PRODUCT_BUNDLE_IDENTIFIER = TonyChen.FlixUITests;
				PRODUCT_NAME = "$(TARGET_NAME)";
				SWIFT_VERSION = 5.0;
				TARGETED_DEVICE_FAMILY = "1,2";
				TEST_TARGET_NAME = Flix;
			};
			name = Debug;
		};
		4058E90623D912FF00F6E3F4 /* Release */ = {
			isa = XCBuildConfiguration;
			baseConfigurationReference = 5965CFB586D0ECC6C9BEE76D /* Pods-Flix-FlixUITests.release.xcconfig */;
			buildSettings = {
				ALWAYS_EMBED_SWIFT_STANDARD_LIBRARIES = YES;
				CODE_SIGN_STYLE = Automatic;
				DEVELOPMENT_TEAM = FEEKDZ763L;
				INFOPLIST_FILE = FlixUITests/Info.plist;
				LD_RUNPATH_SEARCH_PATHS = (
					"$(inherited)",
					"@executable_path/Frameworks",
					"@loader_path/Frameworks",
				);
				PRODUCT_BUNDLE_IDENTIFIER = TonyChen.FlixUITests;
				PRODUCT_NAME = "$(TARGET_NAME)";
				SWIFT_VERSION = 5.0;
				TARGETED_DEVICE_FAMILY = "1,2";
				TEST_TARGET_NAME = Flix;
			};
			name = Release;
		};
/* End XCBuildConfiguration section */

/* Begin XCConfigurationList section */
		4058E8CF23D912FE00F6E3F4 /* Build configuration list for PBXProject "Flix" */ = {
			isa = XCConfigurationList;
			buildConfigurations = (
				4058E8FC23D912FF00F6E3F4 /* Debug */,
				4058E8FD23D912FF00F6E3F4 /* Release */,
			);
			defaultConfigurationIsVisible = 0;
			defaultConfigurationName = Release;
		};
		4058E8FE23D912FF00F6E3F4 /* Build configuration list for PBXNativeTarget "Flix" */ = {
			isa = XCConfigurationList;
			buildConfigurations = (
				4058E8FF23D912FF00F6E3F4 /* Debug */,
				4058E90023D912FF00F6E3F4 /* Release */,
			);
			defaultConfigurationIsVisible = 0;
			defaultConfigurationName = Release;
		};
		4058E90123D912FF00F6E3F4 /* Build configuration list for PBXNativeTarget "FlixTests" */ = {
			isa = XCConfigurationList;
			buildConfigurations = (
				4058E90223D912FF00F6E3F4 /* Debug */,
				4058E90323D912FF00F6E3F4 /* Release */,
			);
			defaultConfigurationIsVisible = 0;
			defaultConfigurationName = Release;
		};
		4058E90423D912FF00F6E3F4 /* Build configuration list for PBXNativeTarget "FlixUITests" */ = {
			isa = XCConfigurationList;
			buildConfigurations = (
				4058E90523D912FF00F6E3F4 /* Debug */,
				4058E90623D912FF00F6E3F4 /* Release */,
			);
			defaultConfigurationIsVisible = 0;
			defaultConfigurationName = Release;
		};
/* End XCConfigurationList section */
	};
	rootObject = 4058E8CC23D912FE00F6E3F4 /* Project object */;
}
